
Microsoft Visual Studio Solution File, Format Version 12.00
# Visual Studio 15
VisualStudioVersion = 15.0.27703.2035
MinimumVisualStudioVersion = 10.0.40219.1
Project("{FAE04EC0-301F-11D3-BF4B-00C04F79EFBC}") = "WindowsFormsApp1", "WindowsFormsApp1\WindowsFormsApp1.csproj", "{2094CB60-3171-4CE0-B856-D4017D749068}"
EndProject
Project("{54435603-DBB4-11D2-8724-00A0C9A8B90C}") = "Setuptm", "Setuptm\Setuptm.vdproj", "{670A7176-9F10-408B-95CB-94618F8D1DB7}"
EndProject
Project("{54435603-DBB4-11D2-8724-00A0C9A8B90C}") = "Setuptask", "Setuptask\Setuptask.vdproj", "{CE19FE5E-7290-47E3-8587-B39A065F5C71}"
EndProject
Global
	GlobalSection(SolutionConfigurationPlatforms) = preSolution
		Debug|Any CPU = Debug|Any CPU
		Release|Any CPU = Release|Any CPU
	EndGlobalSection
	GlobalSection(ProjectConfigurationPlatforms) = postSolution
		{2094CB60-3171-4CE0-B856-D4017D749068}.Debug|Any CPU.ActiveCfg = Debug|Any CPU
		{2094CB60-3171-4CE0-B856-D4017D749068}.Debug|Any CPU.Build.0 = Debug|Any CPU
		{2094CB60-3171-4CE0-B856-D4017D749068}.Release|Any CPU.ActiveCfg = Release|Any CPU
		{2094CB60-3171-4CE0-B856-D4017D749068}.Release|Any CPU.Build.0 = Release|Any CPU
		{670A7176-9F10-408B-95CB-94618F8D1DB7}.Debug|Any CPU.ActiveCfg = Debug
		{670A7176-9F10-408B-95CB-94618F8D1DB7}.Release|Any CPU.ActiveCfg = Release
		{CE19FE5E-7290-47E3-8587-B39A065F5C71}.Debug|Any CPU.ActiveCfg = Debug
		{CE19FE5E-7290-47E3-8587-B39A065F5C71}.Release|Any CPU.ActiveCfg = Release
	EndGlobalSection
	GlobalSection(SolutionProperties) = preSolution
		HideSolutionNode = FALSE
	EndGlobalSection
	GlobalSection(ExtensibilityGlobals) = postSolution
		SolutionGuid = {59FB3A8E-D5A3-4470-9057-C614F0A267CB}
	EndGlobalSection
EndGlobal
